PODS:
  - Capacitor (5.7.0):
    - CapacitorCordova
  - CapacitorApp (5.0.7):
    - Capacitor
  - CapacitorCommunityAdmob (6.0.0):
    - Capacitor
    - Google-Mobile-Ads-SDK (= 11.3.0)
  - CapacitorCordova (5.7.0)
  - CapacitorEmailComposer (5.0.0):
    - Capacitor
  - CapacitorHaptics (5.0.7):
    - Capacitor
  - CapacitorKeyboard (5.0.8):
    - Capacitor
  - CapacitorPreferences (5.0.7):
    - Capacitor
  - CapacitorStatusBar (5.0.7):
    - Capacitor
  - Google-Mobile-Ads-SDK (11.3.0):
    - GoogleUserMessagingPlatform (>= 1.1)
  - GoogleUserMessagingPlatform (2.5.0)

DEPENDENCIES:
  - "Capacitor (from `../../node_modules/@capacitor/ios`)"
  - "CapacitorApp (from `../../node_modules/@capacitor/app`)"
  - "CapacitorCommunityAdmob (from `../../node_modules/@capacitor-community/admob`)"
  - "CapacitorCordova (from `../../node_modules/@capacitor/ios`)"
  - CapacitorEmailComposer (from `../../node_modules/capacitor-email-composer`)
  - "CapacitorHaptics (from `../../node_modules/@capacitor/haptics`)"
  - "CapacitorKeyboard (from `../../node_modules/@capacitor/keyboard`)"
  - "CapacitorPreferences (from `../../node_modules/@capacitor/preferences`)"
  - "CapacitorStatusBar (from `../../node_modules/@capacitor/status-bar`)"

SPEC REPOS:
  trunk:
    - Google-Mobile-Ads-SDK
    - GoogleUserMessagingPlatform

EXTERNAL SOURCES:
  Capacitor:
    :path: "../../node_modules/@capacitor/ios"
  CapacitorApp:
    :path: "../../node_modules/@capacitor/app"
  CapacitorCommunityAdmob:
    :path: "../../node_modules/@capacitor-community/admob"
  CapacitorCordova:
    :path: "../../node_modules/@capacitor/ios"
  CapacitorEmailComposer:
    :path: "../../node_modules/capacitor-email-composer"
  CapacitorHaptics:
    :path: "../../node_modules/@capacitor/haptics"
  CapacitorKeyboard:
    :path: "../../node_modules/@capacitor/keyboard"
  CapacitorPreferences:
    :path: "../../node_modules/@capacitor/preferences"
  CapacitorStatusBar:
    :path: "../../node_modules/@capacitor/status-bar"

SPEC CHECKSUMS:
  Capacitor: fc155ee2ee45a2093d716f13cf5aa5a865e2d85a
  CapacitorApp: 17fecd0e6cb23feafac7eb0939417389038b0979
  CapacitorCommunityAdmob: 59456f0c29033d710ef90ef81044ad0eeab3caf6
  CapacitorCordova: e825fce1a2e14e4b5730641c7e098dccf74397b7
  CapacitorEmailComposer: 551949d4269197efc9f0d51a19c0d2d06e7fb452
  CapacitorHaptics: 7c7c206f0c96a628fed073830c96d28c4b2e772e
  CapacitorKeyboard: aec619a578235c6ce279075009a2689c2cf5c42c
  CapacitorPreferences: 77ac427e98db83bace772455f8ba447430382c4c
  CapacitorStatusBar: f390fbb49b82ffb754ea4b3cf71dc8b048baf3e7
  Google-Mobile-Ads-SDK: 301a16c461c331ba34ff4dab40a22ab7c147af61
  GoogleUserMessagingPlatform: 6b4f48a370e77ce121d034c908cc6ee4fdafaf13

PODFILE CHECKSUM: d35965e4a22258f6d9bfa721013b04d26930b66d

COCOAPODS: 1.15.2
